
Microsoft Visual Studio Solution File, Format Version 12.00
# Visual Studio Version 17
VisualStudioVersion = 17.3.32825.248
MinimumVisualStudioVersion = 10.0.40219.1
Project("{FAE04EC0-301F-11D3-BF4B-00C04F79EFBC}") = "Identity5", "Identity5\Identity5.csproj", "{1C8BE575-9103-4ABA-812A-8FE783700CD3}"
EndProject
Global
	GlobalSection(SolutionConfigurationPlatforms) = preSolution
		Debug|Any CPU = Debug|Any CPU
		Release|Any CPU = Release|Any CPU
	EndGlobalSection
	GlobalSection(ProjectConfigurationPlatforms) = postSolution
		{1C8BE575-9103-4ABA-812A-8FE783700CD3}.Debug|Any CPU.ActiveCfg = Debug|Any CPU
		{1C8BE575-9103-4ABA-812A-8FE783700CD3}.Debug|Any CPU.Build.0 = Debug|Any CPU
		{1C8BE575-9103-4ABA-812A-8FE783700CD3}.Release|Any CPU.ActiveCfg = Release|Any CPU
		{1C8BE575-9103-4ABA-812A-8FE783700CD3}.Release|Any CPU.Build.0 = Release|Any CPU
	EndGlobalSection
	GlobalSection(SolutionProperties) = preSolution
		HideSolutionNode = FALSE
	EndGlobalSection
	GlobalSection(ExtensibilityGlobals) = postSolution
		SolutionGuid = {DCAF2F24-ACBB-4CF1-A1D0-404C7945C61B}
	EndGlobalSection
EndGlobal
